// !$*UTF8*$!
{
	archiveVersion = 1;
	classes = {
	};
	objectVersion = 56;
	objects = {

/* Begin PBXBuildFile section */
		A1000023 /* Assets.xcassets in Resources */ = {isa = PBXBuildFile; fileRef = B0000005 /* Assets.xcassets */; };
		B0000010 /* main.swift in Sources */ = {isa = PBXBuildFile; fileRef = B0000001 /* main.swift */; };
		B0000011 /* SummonMacApp in Frameworks */ = {isa = PBXBuildFile; productRef = B0000018 /* SummonMacApp */; };
		B0000012 /* Assets.xcassets in Resources */ = {isa = PBXBuildFile; fileRef = B0000005 /* Assets.xcassets */; };
		A1000010 /* SummonPhoneApp.swift in Sources */ = {isa = PBXBuildFile; fileRef = A1000001 /* SummonPhoneApp.swift */; };
		A1000020 /* SummonKit in Frameworks */ = {isa = PBXBuildFile; productRef = A1000018 /* SummonKit */; };
		A1000021 /* SummonUI in Frameworks */ = {isa = PBXBuildFile; productRef = A1000019 /* SummonUI */; };
/* End PBXBuildFile section */

/* Begin PBXFileReference section */
		B0000001 /* main.swift */ = {isa = PBXFileReference; lastKnownFileType = sourcecode.swift; path = main.swift; sourceTree = "<group>"; };
		B0000002 /* Info.plist */ = {isa = PBXFileReference; lastKnownFileType = text.plist.xml; path = Info.plist; sourceTree = "<group>"; };
		B0000003 /* SummonMac.entitlements */ = {isa = PBXFileReference; lastKnownFileType = text.plist.entitlements; path = SummonMac.entitlements; sourceTree = "<group>"; };
		B0000004 /* Summon.app */ = {isa = PBXFileReference; explicitFileType = wrapper.application; includeInIndex = 0; path = Summon.app; sourceTree = BUILT_PRODUCTS_DIR; };
		B0000005 /* Assets.xcassets */ = {isa = PBXFileReference; lastKnownFileType = folder.assetcatalog; path = Assets.xcassets; sourceTree = "<group>"; };
		A1000001 /* SummonPhoneApp.swift */ = {isa = PBXFileReference; lastKnownFileType = sourcecode.swift; path = SummonPhoneApp.swift; sourceTree = "<group>"; };
		A1000002 /* SummonPhone.app */ = {isa = PBXFileReference; explicitFileType = wrapper.application; includeInIndex = 0; path = SummonPhone.app; sourceTree = BUILT_PRODUCTS_DIR; };
/* End PBXFileReference section */

/* Begin PBXFrameworksBuildPhase section */
		A1000003 /* Frameworks */ = {
			isa = PBXFrameworksBuildPhase;
			buildActionMask = 2147483647;
			files = (
				A1000020 /* SummonKit in Frameworks */,
				A1000021 /* SummonUI in Frameworks */,
			);
			runOnlyForDeploymentPostprocessing = 0;
		};
		B0000022 /* Frameworks */ = {
			isa = PBXFrameworksBuildPhase;
			buildActionMask = 2147483647;
			files = (
				B0000011 /* SummonMacApp in Frameworks */,
			);
			runOnlyForDeploymentPostprocessing = 0;
		};
/* End PBXFrameworksBuildPhase section */

/* Begin PBXGroup section */
		A1000004 = {
			isa = PBXGroup;
			children = (
				A1000005 /* SummonPhone */,
				B0000006 /* SummonMac */,
				B0000007 /* Shared */,
				A1000006 /* Products */,
			);
			sourceTree = "<group>";
		};
		A1000005 /* SummonPhone */ = {
			isa = PBXGroup;
			children = (
				A1000001 /* SummonPhoneApp.swift */,
			);
			path = Apps/SummonPhone;
			sourceTree = "<group>";
		};
		B0000006 /* SummonMac */ = {
			isa = PBXGroup;
			children = (
				B0000001 /* main.swift */,
				B0000002 /* Info.plist */,
				B0000003 /* SummonMac.entitlements */,
			);
			path = Apps/SummonMac;
			sourceTree = "<group>";
		};
		B0000007 /* Shared */ = {
			isa = PBXGroup;
			children = (
				B0000005 /* Assets.xcassets */,
			);
			path = Apps/Shared;
			sourceTree = "<group>";
		};
		A1000006 /* Products */ = {
			isa = PBXGroup;
			children = (
				A1000002 /* SummonPhone.app */,
				B0000004 /* Summon.app */,
			);
			name = Products;
			sourceTree = "<group>";
		};
/* End PBXGroup section */

/* Begin PBXNativeTarget section */
		A1000007 /* SummonPhone */ = {
			isa = PBXNativeTarget;
			buildConfigurationList = A1000011 /* Build configuration list for PBXNativeTarget "SummonPhone" */;
			buildPhases = (
				A1000008 /* Sources */,
				A1000003 /* Frameworks */,
				A1000009 /* Resources */,
			);
			buildRules = (
			);
			dependencies = (
			);
			name = SummonPhone;
			packageProductDependencies = (
				A1000018 /* SummonKit */,
				A1000019 /* SummonUI */,
			);
			productName = SummonPhone;
			productReference = A1000002 /* SummonPhone.app */;
			productType = "com.apple.product-type.application";
		};
		B0000020 /* SummonMac */ = {
			isa = PBXNativeTarget;
			buildConfigurationList = B0000030 /* Build configuration list for PBXNativeTarget "SummonMac" */;
			buildPhases = (
				B0000021 /* Sources */,
				B0000022 /* Frameworks */,
				B0000023 /* Resources */,
			);
			buildRules = (
			);
			dependencies = (
			);
			name = SummonMac;
			packageProductDependencies = (
				B0000018 /* SummonMacApp */,
			);
			productName = Summon;
			productReference = B0000004 /* Summon.app */;
			productType = "com.apple.product-type.application";
		};
/* End PBXNativeTarget section */

/* Begin PBXProject section */
		A1000012 /* Project object */ = {
			isa = PBXProject;
			attributes = {
				BuildIndependentTargetsInParallel = 1;
				LastSwiftUpdateCheck = 2600;
				LastUpgradeCheck = 2600;
				TargetAttributes = {
					A1000007 = {
						CreatedOnToolsVersion = 26.0;
					};
					B0000020 = {
						CreatedOnToolsVersion = 26.0;
					};
				};
			};
			buildConfigurationList = A1000013 /* Build configuration list for PBXProject "Summon" */;
			compatibilityVersion = "Xcode 15.0";
			developmentRegion = en;
			hasScannedForEncodings = 0;
			knownRegions = (
				en,
				Base,
			);
			mainGroup = A1000004;
			packageReferences = (
				A1000017 /* XCLocalSwiftPackageReference "." */,
			);
			productRefGroup = A1000006 /* Products */;
			projectDirPath = "";
			projectRoot = "";
			targets = (
				A1000007 /* SummonPhone */,
				B0000020 /* SummonMac */,
			);
		};
/* End PBXProject section */

/* Begin PBXResourcesBuildPhase section */
		A1000009 /* Resources */ = {
			isa = PBXResourcesBuildPhase;
			buildActionMask = 2147483647;
			files = (
				A1000023 /* Assets.xcassets in Resources */,
			);
			runOnlyForDeploymentPostprocessing = 0;
		};
		B0000023 /* Resources */ = {
			isa = PBXResourcesBuildPhase;
			buildActionMask = 2147483647;
			files = (
				B0000012 /* Assets.xcassets in Resources */,
			);
			runOnlyForDeploymentPostprocessing = 0;
		};
/* End PBXResourcesBuildPhase section */

/* Begin PBXSourcesBuildPhase section */
		A1000008 /* Sources */ = {
			isa = PBXSourcesBuildPhase;
			buildActionMask = 2147483647;
			files = (
				A1000010 /* SummonPhoneApp.swift in Sources */,
			);
			runOnlyForDeploymentPostprocessing = 0;
		};
		B0000021 /* Sources */ = {
			isa = PBXSourcesBuildPhase;
			buildActionMask = 2147483647;
			files = (
				B0000010 /* main.swift in Sources */,
			);
			runOnlyForDeploymentPostprocessing = 0;
		};
/* End PBXSourcesBuildPhase section */

/* Begin XCBuildConfiguration section */
		A1000014 /* Debug */ = {
			isa = XCBuildConfiguration;
			buildSettings = {
				DEVELOPMENT_TEAM = JV4MVRB77Q;
				MACOSX_DEPLOYMENT_TARGET = 26.0;
				ALWAYS_SEARCH_USER_PATHS = NO;
				CLANG_ENABLE_OBJC_WEAK = YES;
				COPY_PHASE_STRIP = NO;
				DEBUG_INFORMATION_FORMAT = dwarf;
				ENABLE_STRICT_OBJC_MSGSEND = YES;
				ENABLE_TESTABILITY = YES;
				GCC_OPTIMIZATION_LEVEL = 0;
				GCC_PREPROCESSOR_DEFINITIONS = (
					"DEBUG=1",
					"$(inherited)",
				);
				IPHONEOS_DEPLOYMENT_TARGET = 26.0;
				MTL_ENABLE_DEBUG_INFO = INCLUDE_SOURCE;
				ONLY_ACTIVE_ARCH = YES;
				SDKROOT = iphoneos;
				SWIFT_ACTIVE_COMPILATION_CONDITIONS = "DEBUG $(inherited)";
				SWIFT_OPTIMIZATION_LEVEL = "-Onone";
				SWIFT_VERSION = 6.0;
			};
			name = Debug;
		};
		A1000015 /* Release */ = {
			isa = XCBuildConfiguration;
			buildSettings = {
				DEVELOPMENT_TEAM = JV4MVRB77Q;
				MACOSX_DEPLOYMENT_TARGET = 26.0;
				ALWAYS_SEARCH_USER_PATHS = NO;
				CLANG_ENABLE_OBJC_WEAK = YES;
				COPY_PHASE_STRIP = NO;
				DEBUG_INFORMATION_FORMAT = "dwarf-with-dsym";
				ENABLE_NS_ASSERTIONS = NO;
				ENABLE_STRICT_OBJC_MSGSEND = YES;
				IPHONEOS_DEPLOYMENT_TARGET = 26.0;
				MTL_ENABLE_DEBUG_INFO = NO;
				SDKROOT = iphoneos;
				SWIFT_COMPILATION_MODE = wholemodule;
				SWIFT_VERSION = 6.0;
				VALIDATE_PRODUCT = YES;
			};
			name = Release;
		};
		A1000016 /* Debug */ = {
			isa = XCBuildConfiguration;
			buildSettings = {
				ASSETCATALOG_COMPILER_APPICON_NAME = AppIcon;
				ASSETCATALOG_COMPILER_GLOBAL_ACCENT_COLOR_NAME = "";
				CODE_SIGN_STYLE = Automatic;
				CURRENT_PROJECT_VERSION = 1;
				GENERATE_INFOPLIST_FILE = YES;
				INFOPLIST_KEY_CFBundleDisplayName = Summon;
				INFOPLIST_KEY_LSApplicationCategoryType = "public.app-category.productivity";
				INFOPLIST_KEY_UIApplicationSceneManifest_Generation = YES;
				INFOPLIST_KEY_UILaunchScreen_Generation = YES;
				INFOPLIST_KEY_UISupportedInterfaceOrientations_iPad = "UIInterfaceOrientationPortrait UIInterfaceOrientationPortraitUpsideDown UIInterfaceOrientationLandscapeLeft UIInterfaceOrientationLandscapeRight";
				INFOPLIST_KEY_UISupportedInterfaceOrientations_iPhone = "UIInterfaceOrientationPortrait UIInterfaceOrientationLandscapeLeft UIInterfaceOrientationLandscapeRight";
				LD_RUNPATH_SEARCH_PATHS = (
					"$(inherited)",
					"@executable_path/Frameworks",
				);
				MARKETING_VERSION = 1.0;
				PRODUCT_BUNDLE_IDENTIFIER = com.heindewilde.summon;
				PRODUCT_NAME = "$(TARGET_NAME)";
				SWIFT_EMIT_LOC_STRINGS = YES;
				TARGETED_DEVICE_FAMILY = "1,2";
			};
			name = Debug;
		};
		A1000022 /* Release */ = {
			isa = XCBuildConfiguration;
			buildSettings = {
				ASSETCATALOG_COMPILER_APPICON_NAME = AppIcon;
				ASSETCATALOG_COMPILER_GLOBAL_ACCENT_COLOR_NAME = "";
				CODE_SIGN_STYLE = Automatic;
				CURRENT_PROJECT_VERSION = 1;
				GENERATE_INFOPLIST_FILE = YES;
				INFOPLIST_KEY_CFBundleDisplayName = Summon;
				INFOPLIST_KEY_LSApplicationCategoryType = "public.app-category.productivity";
				INFOPLIST_KEY_UIApplicationSceneManifest_Generation = YES;
				INFOPLIST_KEY_UILaunchScreen_Generation = YES;
				INFOPLIST_KEY_UISupportedInterfaceOrientations_iPad = "UIInterfaceOrientationPortrait UIInterfaceOrientationPortraitUpsideDown UIInterfaceOrientationLandscapeLeft UIInterfaceOrientationLandscapeRight";
				INFOPLIST_KEY_UISupportedInterfaceOrientations_iPhone = "UIInterfaceOrientationPortrait UIInterfaceOrientationLandscapeLeft UIInterfaceOrientationLandscapeRight";
				LD_RUNPATH_SEARCH_PATHS = (
					"$(inherited)",
					"@executable_path/Frameworks",
				);
				MARKETING_VERSION = 1.0;
				PRODUCT_BUNDLE_IDENTIFIER = com.heindewilde.summon;
				PRODUCT_NAME = "$(TARGET_NAME)";
				SWIFT_EMIT_LOC_STRINGS = YES;
				TARGETED_DEVICE_FAMILY = "1,2";
			};
			name = Release;
		};
		B0000031 /* Debug */ = {
			isa = XCBuildConfiguration;
			buildSettings = {
				ASSETCATALOG_COMPILER_APPICON_NAME = AppIcon;
				CODE_SIGN_ENTITLEMENTS = Apps/SummonMac/SummonMac.entitlements;
				CODE_SIGN_STYLE = Automatic;
				COMBINE_HIDPI_IMAGES = YES;
				CURRENT_PROJECT_VERSION = 1;
				ENABLE_HARDENED_RUNTIME = YES;
				GENERATE_INFOPLIST_FILE = YES;
				INFOPLIST_FILE = Apps/SummonMac/Info.plist;
				INFOPLIST_KEY_CFBundleDisplayName = Summon;
				INFOPLIST_KEY_LSApplicationCategoryType = "public.app-category.productivity";
				INFOPLIST_KEY_NSHumanReadableCopyright = Summon;
				INFOPLIST_KEY_NSPrincipalClass = NSApplication;
				LD_RUNPATH_SEARCH_PATHS = (
					"$(inherited)",
					"@executable_path/../Frameworks",
				);
				MARKETING_VERSION = 1.0;
				PRODUCT_BUNDLE_IDENTIFIER = com.heindewilde.summon;
				PRODUCT_NAME = Summon;
				SDKROOT = macosx;
				SUPPORTED_PLATFORMS = macosx;
				SWIFT_EMIT_LOC_STRINGS = YES;
			};
			name = Debug;
		};
		B0000032 /* Release */ = {
			isa = XCBuildConfiguration;
			buildSettings = {
				ASSETCATALOG_COMPILER_APPICON_NAME = AppIcon;
				CODE_SIGN_ENTITLEMENTS = Apps/SummonMac/SummonMac.entitlements;
				CODE_SIGN_STYLE = Automatic;
				COMBINE_HIDPI_IMAGES = YES;
				CURRENT_PROJECT_VERSION = 1;
				ENABLE_HARDENED_RUNTIME = YES;
				GENERATE_INFOPLIST_FILE = YES;
				INFOPLIST_FILE = Apps/SummonMac/Info.plist;
				INFOPLIST_KEY_CFBundleDisplayName = Summon;
				INFOPLIST_KEY_LSApplicationCategoryType = "public.app-category.productivity";
				INFOPLIST_KEY_NSHumanReadableCopyright = Summon;
				INFOPLIST_KEY_NSPrincipalClass = NSApplication;
				LD_RUNPATH_SEARCH_PATHS = (
					"$(inherited)",
					"@executable_path/../Frameworks",
				);
				MARKETING_VERSION = 1.0;
				PRODUCT_BUNDLE_IDENTIFIER = com.heindewilde.summon;
				PRODUCT_NAME = Summon;
				SDKROOT = macosx;
				SUPPORTED_PLATFORMS = macosx;
				SWIFT_EMIT_LOC_STRINGS = YES;
			};
			name = Release;
		};
/* End XCBuildConfiguration section */

/* Begin XCConfigurationList section */
		A1000011 /* Build configuration list for PBXNativeTarget "SummonPhone" */ = {
			isa = XCConfigurationList;
			buildConfigurations = (
				A1000016 /* Debug */,
				A1000022 /* Release */,
			);
			defaultConfigurationIsVisible = 0;
			defaultConfigurationName = Release;
		};
		A1000013 /* Build configuration list for PBXProject "Summon" */ = {
			isa = XCConfigurationList;
			buildConfigurations = (
				A1000014 /* Debug */,
				A1000015 /* Release */,
			);
			defaultConfigurationIsVisible = 0;
			defaultConfigurationName = Release;
		};
		B0000030 /* Build configuration list for PBXNativeTarget "SummonMac" */ = {
			isa = XCConfigurationList;
			buildConfigurations = (
				B0000031 /* Debug */,
				B0000032 /* Release */,
			);
			defaultConfigurationIsVisible = 0;
			defaultConfigurationName = Release;
		};
/* End XCConfigurationList section */

/* Begin XCLocalSwiftPackageReference section */
		A1000017 /* XCLocalSwiftPackageReference "." */ = {
			isa = XCLocalSwiftPackageReference;
			relativePath = .;
		};
/* End XCLocalSwiftPackageReference section */

/* Begin XCSwiftPackageProductDependency section */
		A1000018 /* SummonKit */ = {
			isa = XCSwiftPackageProductDependency;
			productName = SummonKit;
		};
		A1000019 /* SummonUI */ = {
			isa = XCSwiftPackageProductDependency;
			productName = SummonUI;
		};
		B0000018 /* SummonMacApp */ = {
			isa = XCSwiftPackageProductDependency;
			productName = SummonMacApp;
		};
/* End XCSwiftPackageProductDependency section */
	};
	rootObject = A1000012 /* Project object */;
}
